
Microsoft Visual Studio Solution File, Format Version 12.00
# Visual Studio Version 17
VisualStudioVersion = 17.12.35521.163
MinimumVisualStudioVersion = 10.0.40219.1
Project("{FAE04EC0-301F-11D3-BF4B-00C04F79EFBC}") = "TextAPI", "APIs\TextAPI\TextAPI.csproj", "{1FEB850D-2388-4745-BF9D-ACFEF46F1166}"
EndProject
Project("{FAE04EC0-301F-11D3-BF4B-00C04F79EFBC}") = "LanguageLib", "Libs\Language\LanguageLib.csproj", "{E0A1A673-7370-4EED-8954-1C2F79B95C84}"
EndProject
Project("{FAE04EC0-301F-11D3-BF4B-00C04F79EFBC}") = "LanguageServices", "Services\LanguageServices\LanguageServices.csproj", "{20FC9271-27B4-40E7-AECB-EBAF7E6CDF3C}"
EndProject
Project("{FAE04EC0-301F-11D3-BF4B-00C04F79EFBC}") = "VideoAPI", "APIs\VideoAPI\VideoAPI.csproj", "{8EC9C6C0-3AEB-44E3-8891-310F6E20DA6F}"
EndProject
Project("{FAE04EC0-301F-11D3-BF4B-00C04F79EFBC}") = "VoiceAPI", "APIs\VoiceAPI\VoiceAPI.csproj", "{6297AB4E-7CEA-4AB2-BBE9-2DDF4AC51275}"
EndProject
Project("{FAE04EC0-301F-11D3-BF4B-00C04F79EFBC}") = "TranslateAPI", "APIs\TranslateAPI\TranslateAPI.csproj", "{0AD376DE-0F55-42E0-98D9-ECE8D77F785C}"
EndProject
Project("{FAE04EC0-301F-11D3-BF4B-00C04F79EFBC}") = "ContentAPI", "APIs\ContentAPI\ContentAPI.csproj", "{BEFDFF68-12D9-4359-935A-769B174FC626}"
EndProject
Project("{2150E333-8FDC-42A3-9474-1A3956D46DE8}") = "APIs", "APIs", "{79273252-B10C-424B-A609-A324EC759AEE}"
EndProject
Project("{2150E333-8FDC-42A3-9474-1A3956D46DE8}") = "Services", "Services", "{885F4F5D-321A-4EBC-8BE8-461B94056149}"
EndProject
Project("{2150E333-8FDC-42A3-9474-1A3956D46DE8}") = "Libraries", "Libraries", "{44A58933-1058-4C9F-A964-12786FDFA091}"
EndProject
Project("{FAE04EC0-301F-11D3-BF4B-00C04F79EFBC}") = "ContentProcessing", "Libs\ContentProcessing\ContentProcessing.csproj", "{09EB2116-EB3C-4566-A100-A285E321E430}"
EndProject
Global
	GlobalSection(SolutionConfigurationPlatforms) = preSolution
		Debug|Any CPU = Debug|Any CPU
		Release|Any CPU = Release|Any CPU
	EndGlobalSection
	GlobalSection(ProjectConfigurationPlatforms) = postSolution
		{1FEB850D-2388-4745-BF9D-ACFEF46F1166}.Debug|Any CPU.ActiveCfg = Debug|Any CPU
		{1FEB850D-2388-4745-BF9D-ACFEF46F1166}.Debug|Any CPU.Build.0 = Debug|Any CPU
		{1FEB850D-2388-4745-BF9D-ACFEF46F1166}.Release|Any CPU.ActiveCfg = Release|Any CPU
		{1FEB850D-2388-4745-BF9D-ACFEF46F1166}.Release|Any CPU.Build.0 = Release|Any CPU
		{E0A1A673-7370-4EED-8954-1C2F79B95C84}.Debug|Any CPU.ActiveCfg = Debug|Any CPU
		{E0A1A673-7370-4EED-8954-1C2F79B95C84}.Debug|Any CPU.Build.0 = Debug|Any CPU
		{E0A1A673-7370-4EED-8954-1C2F79B95C84}.Release|Any CPU.ActiveCfg = Release|Any CPU
		{E0A1A673-7370-4EED-8954-1C2F79B95C84}.Release|Any CPU.Build.0 = Release|Any CPU
		{20FC9271-27B4-40E7-AECB-EBAF7E6CDF3C}.Debug|Any CPU.ActiveCfg = Debug|Any CPU
		{20FC9271-27B4-40E7-AECB-EBAF7E6CDF3C}.Debug|Any CPU.Build.0 = Debug|Any CPU
		{20FC9271-27B4-40E7-AECB-EBAF7E6CDF3C}.Release|Any CPU.ActiveCfg = Release|Any CPU
		{20FC9271-27B4-40E7-AECB-EBAF7E6CDF3C}.Release|Any CPU.Build.0 = Release|Any CPU
		{8EC9C6C0-3AEB-44E3-8891-310F6E20DA6F}.Debug|Any CPU.ActiveCfg = Debug|Any CPU
		{8EC9C6C0-3AEB-44E3-8891-310F6E20DA6F}.Debug|Any CPU.Build.0 = Debug|Any CPU
		{8EC9C6C0-3AEB-44E3-8891-310F6E20DA6F}.Release|Any CPU.ActiveCfg = Release|Any CPU
		{8EC9C6C0-3AEB-44E3-8891-310F6E20DA6F}.Release|Any CPU.Build.0 = Release|Any CPU
		{6297AB4E-7CEA-4AB2-BBE9-2DDF4AC51275}.Debug|Any CPU.ActiveCfg = Debug|Any CPU
		{6297AB4E-7CEA-4AB2-BBE9-2DDF4AC51275}.Debug|Any CPU.Build.0 = Debug|Any CPU
		{6297AB4E-7CEA-4AB2-BBE9-2DDF4AC51275}.Release|Any CPU.ActiveCfg = Release|Any CPU
		{6297AB4E-7CEA-4AB2-BBE9-2DDF4AC51275}.Release|Any CPU.Build.0 = Release|Any CPU
		{0AD376DE-0F55-42E0-98D9-ECE8D77F785C}.Debug|Any CPU.ActiveCfg = Debug|Any CPU
		{0AD376DE-0F55-42E0-98D9-ECE8D77F785C}.Debug|Any CPU.Build.0 = Debug|Any CPU
		{0AD376DE-0F55-42E0-98D9-ECE8D77F785C}.Release|Any CPU.ActiveCfg = Release|Any CPU
		{0AD376DE-0F55-42E0-98D9-ECE8D77F785C}.Release|Any CPU.Build.0 = Release|Any CPU
		{BEFDFF68-12D9-4359-935A-769B174FC626}.Debug|Any CPU.ActiveCfg = Debug|Any CPU
		{BEFDFF68-12D9-4359-935A-769B174FC626}.Debug|Any CPU.Build.0 = Debug|Any CPU
		{BEFDFF68-12D9-4359-935A-769B174FC626}.Release|Any CPU.ActiveCfg = Release|Any CPU
		{BEFDFF68-12D9-4359-935A-769B174FC626}.Release|Any CPU.Build.0 = Release|Any CPU
		{09EB2116-EB3C-4566-A100-A285E321E430}.Debug|Any CPU.ActiveCfg = Debug|Any CPU
		{09EB2116-EB3C-4566-A100-A285E321E430}.Debug|Any CPU.Build.0 = Debug|Any CPU
		{09EB2116-EB3C-4566-A100-A285E321E430}.Release|Any CPU.ActiveCfg = Release|Any CPU
		{09EB2116-EB3C-4566-A100-A285E321E430}.Release|Any CPU.Build.0 = Release|Any CPU
	EndGlobalSection
	GlobalSection(SolutionProperties) = preSolution
		HideSolutionNode = FALSE
	EndGlobalSection
	GlobalSection(NestedProjects) = preSolution
		{1FEB850D-2388-4745-BF9D-ACFEF46F1166} = {79273252-B10C-424B-A609-A324EC759AEE}
		{E0A1A673-7370-4EED-8954-1C2F79B95C84} = {44A58933-1058-4C9F-A964-12786FDFA091}
		{20FC9271-27B4-40E7-AECB-EBAF7E6CDF3C} = {885F4F5D-321A-4EBC-8BE8-461B94056149}
		{8EC9C6C0-3AEB-44E3-8891-310F6E20DA6F} = {79273252-B10C-424B-A609-A324EC759AEE}
		{6297AB4E-7CEA-4AB2-BBE9-2DDF4AC51275} = {79273252-B10C-424B-A609-A324EC759AEE}
		{0AD376DE-0F55-42E0-98D9-ECE8D77F785C} = {79273252-B10C-424B-A609-A324EC759AEE}
		{BEFDFF68-12D9-4359-935A-769B174FC626} = {79273252-B10C-424B-A609-A324EC759AEE}
		{09EB2116-EB3C-4566-A100-A285E321E430} = {44A58933-1058-4C9F-A964-12786FDFA091}
	EndGlobalSection
EndGlobal
